
Microsoft Visual Studio Solution File, Format Version 12.00
# Visual Studio Version 17
VisualStudioVersion = 17.8.34525.116
MinimumVisualStudioVersion = 10.0.40219.1
Project("{FAE04EC0-301F-11D3-BF4B-00C04F79EFBC}") = "GIT PUSH", "GIT PUSH.csproj", "{D64A9194-2064-4BEE-94CE-34F2BFEE6D58}"
EndProject
Global
	GlobalSection(SolutionConfigurationPlatforms) = preSolution
		Debug|Any CPU = Debug|Any CPU
		Release|Any CPU = Release|Any CPU
	EndGlobalSection
	GlobalSection(ProjectConfigurationPlatforms) = postSolution
		{D64A9194-2064-4BEE-94CE-34F2BFEE6D58}.Debug|Any CPU.ActiveCfg = Debug|Any CPU
		{D64A9194-2064-4BEE-94CE-34F2BFEE6D58}.Debug|Any CPU.Build.0 = Debug|Any CPU
		{D64A9194-2064-4BEE-94CE-34F2BFEE6D58}.Release|Any CPU.ActiveCfg = Release|Any CPU
		{D64A9194-2064-4BEE-94CE-34F2BFEE6D58}.Release|Any CPU.Build.0 = Release|Any CPU
	EndGlobalSection
	GlobalSection(SolutionProperties) = preSolution
		HideSolutionNode = FALSE
	EndGlobalSection
	GlobalSection(ExtensibilityGlobals) = postSolution
		SolutionGuid = {1E6896D6-89A9-4C95-8917-AEF08D7AE2F7}
	EndGlobalSection
EndGlobal
